// !$*UTF8*$!
{
	archiveVersion = 1;
	classes = {
	};
	objectVersion = 77;
	objects = {

/* Begin PBXContainerItemProxy section */
		21F2817E2E56C5EA005469B4 /* PBXContainerItemProxy */ = {
			isa = PBXContainerItemProxy;
			containerPortal = 21F281682E56C5E9005469B4 /* Project object */;
			proxyType = 1;
			remoteGlobalIDString = 21F2816F2E56C5E9005469B4;
			remoteInfo = iOSReactionTime;
		};
		21F281882E56C5EA005469B4 /* PBXContainerItemProxy */ = {
			isa = PBXContainerItemProxy;
			containerPortal = 21F281682E56C5E9005469B4 /* Project object */;
			proxyType = 1;
			remoteGlobalIDString = 21F2816F2E56C5E9005469B4;
			remoteInfo = iOSReactionTime;
		};
/* End PBXContainerItemProxy section */

/* Begin PBXFileReference section */
		21F281702E56C5E9005469B4 /* iOSReactionTime.app */ = {isa = PBXFileReference; explicitFileType = wrapper.application; includeInIndex = 0; path = iOSReactionTime.app; sourceTree = BUILT_PRODUCTS_DIR; };
		21F2817D2E56C5EA005469B4 /* iOSReactionTimeTests.xctest */ = {isa = PBXFileReference; explicitFileType = wrapper.cfbundle; includeInIndex = 0; path = iOSReactionTimeTests.xctest; sourceTree = BUILT_PRODUCTS_DIR; };
		21F281872E56C5EA005469B4 /* iOSReactionTimeUITests.xctest */ = {isa = PBXFileReference; explicitFileType = wrapper.cfbundle; includeInIndex = 0; path = iOSReactionTimeUITests.xctest; sourceTree = BUILT_PRODUCTS_DIR; };
/* End PBXFileReference section */

/* Begin PBXFileSystemSynchronizedRootGroup section */
		21F281722E56C5E9005469B4 /* iOSReactionTime */ = {
			isa = PBXFileSystemSynchronizedRootGroup;
			path = iOSReactionTime;
			sourceTree = "<group>";
		};
		21F281802E56C5EA005469B4 /* iOSReactionTimeTests */ = {
			isa = PBXFileSystemSynchronizedRootGroup;
			path = iOSReactionTimeTests;
			sourceTree = "<group>";
		};
		21F2818A2E56C5EA005469B4 /* iOSReactionTimeUITests */ = {
			isa = PBXFileSystemSynchronizedRootGroup;
			path = iOSReactionTimeUITests;
			sourceTree = "<group>";
		};
/* End PBXFileSystemSynchronizedRootGroup section */

/* Begin PBXFrameworksBuildPhase section */
		21F2816D2E56C5E9005469B4 /* Frameworks */ = {
			isa = PBXFrameworksBuildPhase;
			buildActionMask = 2147483647;
			files = (
			);
			runOnlyForDeploymentPostprocessing = 0;
		};
		21F2817A2E56C5EA005469B4 /* Frameworks */ = {
			isa = PBXFrameworksBuildPhase;
			buildActionMask = 2147483647;
			files = (
			);
			runOnlyForDeploymentPostprocessing = 0;
		};
		21F281842E56C5EA005469B4 /* Frameworks */ = {
			isa = PBXFrameworksBuildPhase;
			buildActionMask = 2147483647;
			files = (
			);
			runOnlyForDeploymentPostprocessing = 0;
		};
/* End PBXFrameworksBuildPhase section */

/* Begin PBXGroup section */
		21F281672E56C5E9005469B4 = {
			isa = PBXGroup;
			children = (
				21F281722E56C5E9005469B4 /* iOSReactionTime */,
				21F281802E56C5EA005469B4 /* iOSReactionTimeTests */,
				21F2818A2E56C5EA005469B4 /* iOSReactionTimeUITests */,
				21F281712E56C5E9005469B4 /* Products */,
			);
			sourceTree = "<group>";
		};
		21F281712E56C5E9005469B4 /* Products */ = {
			isa = PBXGroup;
			children = (
				21F281702E56C5E9005469B4 /* iOSReactionTime.app */,
				21F2817D2E56C5EA005469B4 /* iOSReactionTimeTests.xctest */,
				21F281872E56C5EA005469B4 /* iOSReactionTimeUITests.xctest */,
			);
			name = Products;
			sourceTree = "<group>";
		};
/* End PBXGroup section */

/* Begin PBXNativeTarget section */
		21F2816F2E56C5E9005469B4 /* iOSReactionTime */ = {
			isa = PBXNativeTarget;
			buildConfigurationList = 21F281912E56C5EA005469B4 /* Build configuration list for PBXNativeTarget "iOSReactionTime" */;
			buildPhases = (
				21F2816C2E56C5E9005469B4 /* Sources */,
				21F2816D2E56C5E9005469B4 /* Frameworks */,
				21F2816E2E56C5E9005469B4 /* Resources */,
			);
			buildRules = (
			);
			dependencies = (
			);
			fileSystemSynchronizedGroups = (
				21F281722E56C5E9005469B4 /* iOSReactionTime */,
			);
			name = iOSReactionTime;
			packageProductDependencies = (
			);
			productName = iOSReactionTime;
			productReference = 21F281702E56C5E9005469B4 /* iOSReactionTime.app */;
			productType = "com.apple.product-type.application";
		};
		21F2817C2E56C5EA005469B4 /* iOSReactionTimeTests */ = {
			isa = PBXNativeTarget;
			buildConfigurationList = 21F281942E56C5EA005469B4 /* Build configuration list for PBXNativeTarget "iOSReactionTimeTests" */;
			buildPhases = (
				21F281792E56C5EA005469B4 /* Sources */,
				21F2817A2E56C5EA005469B4 /* Frameworks */,
				21F2817B2E56C5EA005469B4 /* Resources */,
			);
			buildRules = (
			);
			dependencies = (
				21F2817F2E56C5EA005469B4 /* PBXTargetDependency */,
			);
			fileSystemSynchronizedGroups = (
				21F281802E56C5EA005469B4 /* iOSReactionTimeTests */,
			);
			name = iOSReactionTimeTests;
			packageProductDependencies = (
			);
			productName = iOSReactionTimeTests;
			productReference = 21F2817D2E56C5EA005469B4 /* iOSReactionTimeTests.xctest */;
			productType = "com.apple.product-type.bundle.unit-test";
		};
		21F281862E56C5EA005469B4 /* iOSReactionTimeUITests */ = {
			isa = PBXNativeTarget;
			buildConfigurationList = 21F281972E56C5EA005469B4 /* Build configuration list for PBXNativeTarget "iOSReactionTimeUITests" */;
			buildPhases = (
				21F281832E56C5EA005469B4 /* Sources */,
				21F281842E56C5EA005469B4 /* Frameworks */,
				21F281852E56C5EA005469B4 /* Resources */,
			);
			buildRules = (
			);
			dependencies = (
				21F281892E56C5EA005469B4 /* PBXTargetDependency */,
			);
			fileSystemSynchronizedGroups = (
				21F2818A2E56C5EA005469B4 /* iOSReactionTimeUITests */,
			);
			name = iOSReactionTimeUITests;
			packageProductDependencies = (
			);
			productName = iOSReactionTimeUITests;
			productReference = 21F281872E56C5EA005469B4 /* iOSReactionTimeUITests.xctest */;
			productType = "com.apple.product-type.bundle.ui-testing";
		};
/* End PBXNativeTarget section */

/* Begin PBXProject section */
		21F281682E56C5E9005469B4 /* Project object */ = {
			isa = PBXProject;
			attributes = {
				BuildIndependentTargetsInParallel = 1;
				LastSwiftUpdateCheck = 1640;
				LastUpgradeCheck = 1640;
				TargetAttributes = {
					21F2816F2E56C5E9005469B4 = {
						CreatedOnToolsVersion = 16.4;
					};
					21F2817C2E56C5EA005469B4 = {
						CreatedOnToolsVersion = 16.4;
						TestTargetID = 21F2816F2E56C5E9005469B4;
					};
					21F281862E56C5EA005469B4 = {
						CreatedOnToolsVersion = 16.4;
						TestTargetID = 21F2816F2E56C5E9005469B4;
					};
				};
			};
			buildConfigurationList = 21F2816B2E56C5E9005469B4 /* Build configuration list for PBXProject "iOSReactionTime" */;
			developmentRegion = en;
			hasScannedForEncodings = 0;
			knownRegions = (
				en,
				Base,
			);
			mainGroup = 21F281672E56C5E9005469B4;
			minimizedProjectReferenceProxies = 1;
			preferredProjectObjectVersion = 77;
			productRefGroup = 21F281712E56C5E9005469B4 /* Products */;
			projectDirPath = "";
			projectRoot = "";
			targets = (
				21F2816F2E56C5E9005469B4 /* iOSReactionTime */,
				21F2817C2E56C5EA005469B4 /* iOSReactionTimeTests */,
				21F281862E56C5EA005469B4 /* iOSReactionTimeUITests */,
			);
		};
/* End PBXProject section */

/* Begin PBXResourcesBuildPhase section */
		21F2816E2E56C5E9005469B4 /* Resources */ = {
			isa = PBXResourcesBuildPhase;
			buildActionMask = 2147483647;
			files = (
			);
			runOnlyForDeploymentPostprocessing = 0;
		};
		21F2817B2E56C5EA005469B4 /* Resources */ = {
			isa = PBXResourcesBuildPhase;
			buildActionMask = 2147483647;
			files = (
			);
			runOnlyForDeploymentPostprocessing = 0;
		};
		21F281852E56C5EA005469B4 /* Resources */ = {
			isa = PBXResourcesBuildPhase;
			buildActionMask = 2147483647;
			files = (
			);
			runOnlyForDeploymentPostprocessing = 0;
		};
/* End PBXResourcesBuildPhase section */

/* Begin PBXSourcesBuildPhase section */
		21F2816C2E56C5E9005469B4 /* Sources */ = {
			isa = PBXSourcesBuildPhase;
			buildActionMask = 2147483647;
			files = (
			);
			runOnlyForDeploymentPostprocessing = 0;
		};
		21F281792E56C5EA005469B4 /* Sources */ = {
			isa = PBXSourcesBuildPhase;
			buildActionMask = 2147483647;
			files = (
			);
			runOnlyForDeploymentPostprocessing = 0;
		};
		21F281832E56C5EA005469B4 /* Sources */ = {
			isa = PBXSourcesBuildPhase;
			buildActionMask = 2147483647;
			files = (
			);
			runOnlyForDeploymentPostprocessing = 0;
		};
/* End PBXSourcesBuildPhase section */

/* Begin PBXTargetDependency section */
		21F2817F2E56C5EA005469B4 /* PBXTargetDependency */ = {
			isa = PBXTargetDependency;
			target = 21F2816F2E56C5E9005469B4 /* iOSReactionTime */;
			targetProxy = 21F2817E2E56C5EA005469B4 /* PBXContainerItemProxy */;
		};
		21F281892E56C5EA005469B4 /* PBXTargetDependency */ = {
			isa = PBXTargetDependency;
			target = 21F2816F2E56C5E9005469B4 /* iOSReactionTime */;
			targetProxy = 21F281882E56C5EA005469B4 /* PBXContainerItemProxy */;
		};
/* End PBXTargetDependency section */

/* Begin XCBuildConfiguration section */
		21F2818F2E56C5EA005469B4 /* Debug */ = {
			isa = XCBuildConfiguration;
			buildSettings = {
				ALWAYS_SEARCH_USER_PATHS = NO;
				ASSETCATALOG_COMPILER_GENERATE_SWIFT_ASSET_SYMBOL_EXTENSIONS = YES;
				CLANG_ANALYZER_NONNULL = YES;
				CLANG_ANALYZER_NUMBER_OBJECT_CONVERSION = YES_AGGRESSIVE;
				CLANG_CXX_LANGUAGE_STANDARD = "gnu++20";
				CLANG_ENABLE_MODULES = YES;
				CLANG_ENABLE_OBJC_ARC = YES;
				CLANG_ENABLE_OBJC_WEAK = YES;
				CLANG_WARN_BLOCK_CAPTURE_AUTORELEASING = YES;
				CLANG_WARN_BOOL_CONVERSION = YES;
				CLANG_WARN_COMMA = YES;
				CLANG_WARN_CONSTANT_CONVERSION = YES;
				CLANG_WARN_DEPRECATED_OBJC_IMPLEMENTATIONS = YES;
				CLANG_WARN_DIRECT_OBJC_ISA_USAGE = YES_ERROR;
				CLANG_WARN_DOCUMENTATION_COMMENTS = YES;
				CLANG_WARN_EMPTY_BODY = YES;
				CLANG_WARN_ENUM_CONVERSION = YES;
				CLANG_WARN_INFINITE_RECURSION = YES;
				CLANG_WARN_INT_CONVERSION = YES;
				CLANG_WARN_NON_LITERAL_NULL_CONVERSION = YES;
				CLANG_WARN_OBJC_IMPLICIT_RETAIN_SELF = YES;
				CLANG_WARN_OBJC_LITERAL_CONVERSION = YES;
				CLANG_WARN_OBJC_ROOT_CLASS = YES_ERROR;
				CLANG_WARN_QUOTED_INCLUDE_IN_FRAMEWORK_HEADER = YES;
				CLANG_WARN_RANGE_LOOP_ANALYSIS = YES;
				CLANG_WARN_STRICT_PROTOTYPES = YES;
				CLANG_WARN_SUSPICIOUS_MOVE = YES;
				CLANG_WARN_UNGUARDED_AVAILABILITY = YES_AGGRESSIVE;
				CLANG_WARN_UNREACHABLE_CODE = YES;
				CLANG_WARN__DUPLICATE_METHOD_MATCH = YES;
				COPY_PHASE_STRIP = NO;
				DEBUG_INFORMATION_FORMAT = dwarf;
				DEVELOPMENT_TEAM = 8VL64Z4WT6;
				ENABLE_STRICT_OBJC_MSGSEND = YES;
				ENABLE_TESTABILITY = YES;
				ENABLE_USER_SCRIPT_SANDBOXING = YES;
				GCC_C_LANGUAGE_STANDARD = gnu17;
				GCC_DYNAMIC_NO_PIC = NO;
				GCC_NO_COMMON_BLOCKS = YES;
				GCC_OPTIMIZATION_LEVEL = 0;
				GCC_PREPROCESSOR_DEFINITIONS = (
					"DEBUG=1",
					"$(inherited)",
				);
				GCC_WARN_64_TO_32_BIT_CONVERSION = YES;
				GCC_WARN_ABOUT_RETURN_TYPE = YES_ERROR;
				GCC_WARN_UNDECLARED_SELECTOR = YES;
				GCC_WARN_UNINITIALIZED_AUTOS = YES_AGGRESSIVE;
				GCC_WARN_UNUSED_FUNCTION = YES;
				GCC_WARN_UNUSED_VARIABLE = YES;
				IPHONEOS_DEPLOYMENT_TARGET = 18.5;
				LOCALIZATION_PREFERS_STRING_CATALOGS = YES;
				MTL_ENABLE_DEBUG_INFO = INCLUDE_SOURCE;
				MTL_FAST_MATH = YES;
				ONLY_ACTIVE_ARCH = YES;
				SDKROOT = iphoneos;
				SWIFT_ACTIVE_COMPILATION_CONDITIONS = "DEBUG $(inherited)";
				SWIFT_OPTIMIZATION_LEVEL = "-Onone";
			};
			name = Debug;
		};
		21F281902E56C5EA005469B4 /* Release */ = {
			isa = XCBuildConfiguration;
			buildSettings = {
				ALWAYS_SEARCH_USER_PATHS = NO;
				ASSETCATALOG_COMPILER_GENERATE_SWIFT_ASSET_SYMBOL_EXTENSIONS = YES;
				CLANG_ANALYZER_NONNULL = YES;
				CLANG_ANALYZER_NUMBER_OBJECT_CONVERSION = YES_AGGRESSIVE;
				CLANG_CXX_LANGUAGE_STANDARD = "gnu++20";
				CLANG_ENABLE_MODULES = YES;
				CLANG_ENABLE_OBJC_ARC = YES;
				CLANG_ENABLE_OBJC_WEAK = YES;
				CLANG_WARN_BLOCK_CAPTURE_AUTORELEASING = YES;
				CLANG_WARN_BOOL_CONVERSION = YES;
				CLANG_WARN_COMMA = YES;
				CLANG_WARN_CONSTANT_CONVERSION = YES;
				CLANG_WARN_DEPRECATED_OBJC_IMPLEMENTATIONS = YES;
				CLANG_WARN_DIRECT_OBJC_ISA_USAGE = YES_ERROR;
				CLANG_WARN_DOCUMENTATION_COMMENTS = YES;
				CLANG_WARN_EMPTY_BODY = YES;
				CLANG_WARN_ENUM_CONVERSION = YES;
				CLANG_WARN_INFINITE_RECURSION = YES;
				CLANG_WARN_INT_CONVERSION = YES;
				CLANG_WARN_NON_LITERAL_NULL_CONVERSION = YES;
				CLANG_WARN_OBJC_IMPLICIT_RETAIN_SELF = YES;
				CLANG_WARN_OBJC_LITERAL_CONVERSION = YES;
				CLANG_WARN_OBJC_ROOT_CLASS = YES_ERROR;
				CLANG_WARN_QUOTED_INCLUDE_IN_FRAMEWORK_HEADER = YES;
				CLANG_WARN_RANGE_LOOP_ANALYSIS = YES;
				CLANG_WARN_STRICT_PROTOTYPES = YES;
				CLANG_WARN_SUSPICIOUS_MOVE = YES;
				CLANG_WARN_UNGUARDED_AVAILABILITY = YES_AGGRESSIVE;
				CLANG_WARN_UNREACHABLE_CODE = YES;
				CLANG_WARN__DUPLICATE_METHOD_MATCH = YES;
				COPY_PHASE_STRIP = NO;
				DEBUG_INFORMATION_FORMAT = "dwarf-with-dsym";
				DEVELOPMENT_TEAM = 8VL64Z4WT6;
				ENABLE_NS_ASSERTIONS = NO;
				ENABLE_STRICT_OBJC_MSGSEND = YES;
				ENABLE_USER_SCRIPT_SANDBOXING = YES;
				GCC_C_LANGUAGE_STANDARD = gnu17;
				GCC_NO_COMMON_BLOCKS = YES;
				GCC_WARN_64_TO_32_BIT_CONVERSION = YES;
				GCC_WARN_ABOUT_RETURN_TYPE = YES_ERROR;
				GCC_WARN_UNDECLARED_SELECTOR = YES;
				GCC_WARN_UNINITIALIZED_AUTOS = YES_AGGRESSIVE;
				GCC_WARN_UNUSED_FUNCTION = YES;
				GCC_WARN_UNUSED_VARIABLE = YES;
				IPHONEOS_DEPLOYMENT_TARGET = 18.5;
				LOCALIZATION_PREFERS_STRING_CATALOGS = YES;
				MTL_ENABLE_DEBUG_INFO = NO;
				MTL_FAST_MATH = YES;
				SDKROOT = iphoneos;
				SWIFT_COMPILATION_MODE = wholemodule;
				VALIDATE_PRODUCT = YES;
			};
			name = Release;
		};
		21F281922E56C5EA005469B4 /* Debug */ = {
			isa = XCBuildConfiguration;
			buildSettings = {
				ASSETCATALOG_COMPILER_APPICON_NAME = AppIcon;
				ASSETCATALOG_COMPILER_GLOBAL_ACCENT_COLOR_NAME = AccentColor;
				CODE_SIGN_STYLE = Automatic;
				CURRENT_PROJECT_VERSION = 1;
				DEVELOPMENT_TEAM = 8VL64Z4WT6;
				ENABLE_PREVIEWS = YES;
				GENERATE_INFOPLIST_FILE = YES;
				INFOPLIST_KEY_UIApplicationSceneManifest_Generation = YES;
				INFOPLIST_KEY_UIApplicationSupportsIndirectInputEvents = YES;
				INFOPLIST_KEY_UILaunchScreen_Generation = YES;
				INFOPLIST_KEY_UISupportedInterfaceOrientations_iPad = "UIInterfaceOrientationPortrait UIInterfaceOrientationPortraitUpsideDown UIInterfaceOrientationLandscapeLeft UIInterfaceOrientationLandscapeRight";
				INFOPLIST_KEY_UISupportedInterfaceOrientations_iPhone = "UIInterfaceOrientationPortrait UIInterfaceOrientationLandscapeLeft UIInterfaceOrientationLandscapeRight";
				LD_RUNPATH_SEARCH_PATHS = (
					"$(inherited)",
					"@executable_path/Frameworks",
				);
				MARKETING_VERSION = 1.0;
				PRODUCT_BUNDLE_IDENTIFIER = com.yosup.iOSReactionTime;
				PRODUCT_NAME = "$(TARGET_NAME)";
				SWIFT_EMIT_LOC_STRINGS = YES;
				SWIFT_VERSION = 5.0;
				TARGETED_DEVICE_FAMILY = "1,2";
			};
			name = Debug;
		};
		21F281932E56C5EA005469B4 /* Release */ = {
			isa = XCBuildConfiguration;
			buildSettings = {
				ASSETCATALOG_COMPILER_APPICON_NAME = AppIcon;
				ASSETCATALOG_COMPILER_GLOBAL_ACCENT_COLOR_NAME = AccentColor;
				CODE_SIGN_STYLE = Automatic;
				CURRENT_PROJECT_VERSION = 1;
				DEVELOPMENT_TEAM = 8VL64Z4WT6;
				ENABLE_PREVIEWS = YES;
				GENERATE_INFOPLIST_FILE = YES;
				INFOPLIST_KEY_UIApplicationSceneManifest_Generation = YES;
				INFOPLIST_KEY_UIApplicationSupportsIndirectInputEvents = YES;
				INFOPLIST_KEY_UILaunchScreen_Generation = YES;
				INFOPLIST_KEY_UISupportedInterfaceOrientations_iPad = "UIInterfaceOrientationPortrait UIInterfaceOrientationPortraitUpsideDown UIInterfaceOrientationLandscapeLeft UIInterfaceOrientationLandscapeRight";
				INFOPLIST_KEY_UISupportedInterfaceOrientations_iPhone = "UIInterfaceOrientationPortrait UIInterfaceOrientationLandscapeLeft UIInterfaceOrientationLandscapeRight";
				LD_RUNPATH_SEARCH_PATHS = (
					"$(inherited)",
					"@executable_path/Frameworks",
				);
				MARKETING_VERSION = 1.0;
				PRODUCT_BUNDLE_IDENTIFIER = com.yosup.iOSReactionTime;
				PRODUCT_NAME = "$(TARGET_NAME)";
				SWIFT_EMIT_LOC_STRINGS = YES;
				SWIFT_VERSION = 5.0;
				TARGETED_DEVICE_FAMILY = "1,2";
			};
			name = Release;
		};
		21F281952E56C5EA005469B4 /* Debug */ = {
			isa = XCBuildConfiguration;
			buildSettings = {
				BUNDLE_LOADER = "$(TEST_HOST)";
				CODE_SIGN_STYLE = Automatic;
				CURRENT_PROJECT_VERSION = 1;
				DEVELOPMENT_TEAM = 8VL64Z4WT6;
				GENERATE_INFOPLIST_FILE = YES;
				IPHONEOS_DEPLOYMENT_TARGET = 18.5;
				MARKETING_VERSION = 1.0;
				PRODUCT_BUNDLE_IDENTIFIER = com.yosup.iOSReactionTimeTests;
				PRODUCT_NAME = "$(TARGET_NAME)";
				SWIFT_EMIT_LOC_STRINGS = NO;
				SWIFT_VERSION = 5.0;
				TARGETED_DEVICE_FAMILY = "1,2";
				TEST_HOST = "$(BUILT_PRODUCTS_DIR)/iOSReactionTime.app/$(BUNDLE_EXECUTABLE_FOLDER_PATH)/iOSReactionTime";
			};
			name = Debug;
		};
		21F281962E56C5EA005469B4 /* Release */ = {
			isa = XCBuildConfiguration;
			buildSettings = {
				BUNDLE_LOADER = "$(TEST_HOST)";
				CODE_SIGN_STYLE = Automatic;
				CURRENT_PROJECT_VERSION = 1;
				DEVELOPMENT_TEAM = 8VL64Z4WT6;
				GENERATE_INFOPLIST_FILE = YES;
				IPHONEOS_DEPLOYMENT_TARGET = 18.5;
				MARKETING_VERSION = 1.0;
				PRODUCT_BUNDLE_IDENTIFIER = com.yosup.iOSReactionTimeTests;
				PRODUCT_NAME = "$(TARGET_NAME)";
				SWIFT_EMIT_LOC_STRINGS = NO;
				SWIFT_VERSION = 5.0;
				TARGETED_DEVICE_FAMILY = "1,2";
				TEST_HOST = "$(BUILT_PRODUCTS_DIR)/iOSReactionTime.app/$(BUNDLE_EXECUTABLE_FOLDER_PATH)/iOSReactionTime";
			};
			name = Release;
		};
		21F281982E56C5EA005469B4 /* Debug */ = {
			isa = XCBuildConfiguration;
			buildSettings = {
				CODE_SIGN_STYLE = Automatic;
				CURRENT_PROJECT_VERSION = 1;
				DEVELOPMENT_TEAM = 8VL64Z4WT6;
				GENERATE_INFOPLIST_FILE = YES;
				MARKETING_VERSION = 1.0;
				PRODUCT_BUNDLE_IDENTIFIER = com.yosup.iOSReactionTimeUITests;
				PRODUCT_NAME = "$(TARGET_NAME)";
				SWIFT_EMIT_LOC_STRINGS = NO;
				SWIFT_VERSION = 5.0;
				TARGETED_DEVICE_FAMILY = "1,2";
				TEST_TARGET_NAME = iOSReactionTime;
			};
			name = Debug;
		};
		21F281992E56C5EA005469B4 /* Release */ = {
			isa = XCBuildConfiguration;
			buildSettings = {
				CODE_SIGN_STYLE = Automatic;
				CURRENT_PROJECT_VERSION = 1;
				DEVELOPMENT_TEAM = 8VL64Z4WT6;
				GENERATE_INFOPLIST_FILE = YES;
				MARKETING_VERSION = 1.0;
				PRODUCT_BUNDLE_IDENTIFIER = com.yosup.iOSReactionTimeUITests;
				PRODUCT_NAME = "$(TARGET_NAME)";
				SWIFT_EMIT_LOC_STRINGS = NO;
				SWIFT_VERSION = 5.0;
				TARGETED_DEVICE_FAMILY = "1,2";
				TEST_TARGET_NAME = iOSReactionTime;
			};
			name = Release;
		};
/* End XCBuildConfiguration section */

/* Begin XCConfigurationList section */
		21F2816B2E56C5E9005469B4 /* Build configuration list for PBXProject "iOSReactionTime" */ = {
			isa = XCConfigurationList;
			buildConfigurations = (
				21F2818F2E56C5EA005469B4 /* Debug */,
				21F281902E56C5EA005469B4 /* Release */,
			);
			defaultConfigurationIsVisible = 0;
			defaultConfigurationName = Release;
		};
		21F281912E56C5EA005469B4 /* Build configuration list for PBXNativeTarget "iOSReactionTime" */ = {
			isa = XCConfigurationList;
			buildConfigurations = (
				21F281922E56C5EA005469B4 /* Debug */,
				21F281932E56C5EA005469B4 /* Release */,
			);
			defaultConfigurationIsVisible = 0;
			defaultConfigurationName = Release;
		};
		21F281942E56C5EA005469B4 /* Build configuration list for PBXNativeTarget "iOSReactionTimeTests" */ = {
			isa = XCConfigurationList;
			buildConfigurations = (
				21F281952E56C5EA005469B4 /* Debug */,
				21F281962E56C5EA005469B4 /* Release */,
			);
			defaultConfigurationIsVisible = 0;
			defaultConfigurationName = Release;
		};
		21F281972E56C5EA005469B4 /* Build configuration list for PBXNativeTarget "iOSReactionTimeUITests" */ = {
			isa = XCConfigurationList;
			buildConfigurations = (
				21F281982E56C5EA005469B4 /* Debug */,
				21F281992E56C5EA005469B4 /* Release */,
			);
			defaultConfigurationIsVisible = 0;
			defaultConfigurationName = Release;
		};
/* End XCConfigurationList section */
	};
	rootObject = 21F281682E56C5E9005469B4 /* Project object */;
}
